
Microsoft Visual Studio Solution File, Format Version 12.00
# Visual Studio Version 17
VisualStudioVersion = 17.9.34723.18
MinimumVisualStudioVersion = 10.0.40219.1
Project("{FAE04EC0-301F-11D3-BF4B-00C04F79EFBC}") = "menDoc2", "menDoc2\menDoc2.csproj", "{C3658C42-1B1F-4F94-A4FB-C736CA2C7998}"
EndProject
Project("{9A19103F-16F7-4668-BE54-9A1E7A4F7556}") = "MVVMCore", "MVVMCore\MVVMCore.csproj", "{F6100BFD-B7C5-4FEA-BF44-A1F2A624F873}"
EndProject
Global
	GlobalSection(SolutionConfigurationPlatforms) = preSolution
		Debug|Any CPU = Debug|Any CPU
		Release|Any CPU = Release|Any CPU
	EndGlobalSection
	GlobalSection(ProjectConfigurationPlatforms) = postSolution
		{C3658C42-1B1F-4F94-A4FB-C736CA2C7998}.Debug|Any CPU.ActiveCfg = Debug|Any CPU
		{C3658C42-1B1F-4F94-A4FB-C736CA2C7998}.Debug|Any CPU.Build.0 = Debug|Any CPU
		{C3658C42-1B1F-4F94-A4FB-C736CA2C7998}.Release|Any CPU.ActiveCfg = Release|Any CPU
		{C3658C42-1B1F-4F94-A4FB-C736CA2C7998}.Release|Any CPU.Build.0 = Release|Any CPU
		{F6100BFD-B7C5-4FEA-BF44-A1F2A624F873}.Debug|Any CPU.ActiveCfg = Debug|Any CPU
		{F6100BFD-B7C5-4FEA-BF44-A1F2A624F873}.Debug|Any CPU.Build.0 = Debug|Any CPU
		{F6100BFD-B7C5-4FEA-BF44-A1F2A624F873}.Release|Any CPU.ActiveCfg = Release|Any CPU
		{F6100BFD-B7C5-4FEA-BF44-A1F2A624F873}.Release|Any CPU.Build.0 = Release|Any CPU
	EndGlobalSection
	GlobalSection(SolutionProperties) = preSolution
		HideSolutionNode = FALSE
	EndGlobalSection
	GlobalSection(ExtensibilityGlobals) = postSolution
		SolutionGuid = {95D34773-25C3-48ED-86F8-07FDF52727A3}
	EndGlobalSection
EndGlobal
